// !$*UTF8*$!
{
	archiveVersion = 1;
	classes = {
	};
	objectVersion = 50;
	objects = {

/* Begin PBXBuildFile section */
		ED94481D213686300097A5E4 /* AppDelegate.swift in Sources */ = {isa = PBXBuildFile; fileRef = ED94481C213686300097A5E4 /* AppDelegate.swift */; };
		ED94481F213686300097A5E4 /* ViewController.swift in Sources */ = {isa = PBXBuildFile; fileRef = ED94481E213686300097A5E4 /* ViewController.swift */; };
		ED944824213686310097A5E4 /* Assets.xcassets in Resources */ = {isa = PBXBuildFile; fileRef = ED944823213686310097A5E4 /* Assets.xcassets */; };
		ED944827213686310097A5E4 /* LaunchScreen.storyboard in Resources */ = {isa = PBXBuildFile; fileRef = ED944825213686310097A5E4 /* LaunchScreen.storyboard */; };
		ED944832213686310097A5E4 /* NoticeToolDemoTests.swift in Sources */ = {isa = PBXBuildFile; fileRef = ED944831213686310097A5E4 /* NoticeToolDemoTests.swift */; };
		ED94483D213686310097A5E4 /* NoticeToolDemoUITests.swift in Sources */ = {isa = PBXBuildFile; fileRef = ED94483C213686310097A5E4 /* NoticeToolDemoUITests.swift */; };
		ED94485521377FE60097A5E4 /* ExtesionUI.swift in Sources */ = {isa = PBXBuildFile; fileRef = ED94485221377FE60097A5E4 /* ExtesionUI.swift */; };
		ED94485621377FE60097A5E4 /* SXH_SwiftNoticeTool.swift in Sources */ = {isa = PBXBuildFile; fileRef = ED94485321377FE60097A5E4 /* SXH_SwiftNoticeTool.swift */; };
		ED9448582137D1DC0097A5E4 /* Classes.swift in Sources */ = {isa = PBXBuildFile; fileRef = ED9448572137D1DC0097A5E4 /* Classes.swift */; };
/* End PBXBuildFile section */

/* Begin PBXContainerItemProxy section */
		ED94482E213686310097A5E4 /* PBXContainerItemProxy */ = {
			isa = PBXContainerItemProxy;
			containerPortal = ED944811213686300097A5E4 /* Project object */;
			proxyType = 1;
			remoteGlobalIDString = ED944818213686300097A5E4;
			remoteInfo = NoticeToolDemo;
		};
		ED944839213686310097A5E4 /* PBXContainerItemProxy */ = {
			isa = PBXContainerItemProxy;
			containerPortal = ED944811213686300097A5E4 /* Project object */;
			proxyType = 1;
			remoteGlobalIDString = ED944818213686300097A5E4;
			remoteInfo = NoticeToolDemo;
		};
/* End PBXContainerItemProxy section */

/* Begin PBXFileReference section */
		ED944819213686300097A5E4 /* NoticeToolDemo.app */ = {isa = PBXFileReference; explicitFileType = wrapper.application; includeInIndex = 0; path = NoticeToolDemo.app; sourceTree = BUILT_PRODUCTS_DIR; };
		ED94481C213686300097A5E4 /* AppDelegate.swift */ = {isa = PBXFileReference; lastKnownFileType = sourcecode.swift; path = AppDelegate.swift; sourceTree = "<group>"; };
		ED94481E213686300097A5E4 /* ViewController.swift */ = {isa = PBXFileReference; lastKnownFileType = sourcecode.swift; path = ViewController.swift; sourceTree = "<group>"; };
		ED944823213686310097A5E4 /* Assets.xcassets */ = {isa = PBXFileReference; lastKnownFileType = folder.assetcatalog; path = Assets.xcassets; sourceTree = "<group>"; };
		ED944826213686310097A5E4 /* Base */ = {isa = PBXFileReference; lastKnownFileType = file.storyboard; name = Base; path = Base.lproj/LaunchScreen.storyboard; sourceTree = "<group>"; };
		ED944828213686310097A5E4 /* Info.plist */ = {isa = PBXFileReference; lastKnownFileType = text.plist.xml; path = Info.plist; sourceTree = "<group>"; };
		ED94482D213686310097A5E4 /* NoticeToolDemoTests.xctest */ = {isa = PBXFileReference; explicitFileType = wrapper.cfbundle; includeInIndex = 0; path = NoticeToolDemoTests.xctest; sourceTree = BUILT_PRODUCTS_DIR; };
		ED944831213686310097A5E4 /* NoticeToolDemoTests.swift */ = {isa = PBXFileReference; lastKnownFileType = sourcecode.swift; path = NoticeToolDemoTests.swift; sourceTree = "<group>"; };
		ED944833213686310097A5E4 /* Info.plist */ = {isa = PBXFileReference; lastKnownFileType = text.plist.xml; path = Info.plist; sourceTree = "<group>"; };
		ED944838213686310097A5E4 /* NoticeToolDemoUITests.xctest */ = {isa = PBXFileReference; explicitFileType = wrapper.cfbundle; includeInIndex = 0; path = NoticeToolDemoUITests.xctest; sourceTree = BUILT_PRODUCTS_DIR; };
		ED94483C213686310097A5E4 /* NoticeToolDemoUITests.swift */ = {isa = PBXFileReference; lastKnownFileType = sourcecode.swift; path = NoticeToolDemoUITests.swift; sourceTree = "<group>"; };
		ED94483E213686310097A5E4 /* Info.plist */ = {isa = PBXFileReference; lastKnownFileType = text.plist.xml; path = Info.plist; sourceTree = "<group>"; };
		ED94485221377FE60097A5E4 /* ExtesionUI.swift */ = {isa = PBXFileReference; fileEncoding = 4; lastKnownFileType = sourcecode.swift; path = ExtesionUI.swift; sourceTree = "<group>"; };
		ED94485321377FE60097A5E4 /* SXH_SwiftNoticeTool.swift */ = {isa = PBXFileReference; fileEncoding = 4; lastKnownFileType = sourcecode.swift; path = SXH_SwiftNoticeTool.swift; sourceTree = "<group>"; };
		ED9448572137D1DC0097A5E4 /* Classes.swift */ = {isa = PBXFileReference; lastKnownFileType = sourcecode.swift; path = Classes.swift; sourceTree = "<group>"; };
/* End PBXFileReference section */

/* Begin PBXFrameworksBuildPhase section */
		ED944816213686300097A5E4 /* Frameworks */ = {
			isa = PBXFrameworksBuildPhase;
			buildActionMask = 2147483647;
			files = (
			);
			runOnlyForDeploymentPostprocessing = 0;
		};
		ED94482A213686310097A5E4 /* Frameworks */ = {
			isa = PBXFrameworksBuildPhase;
			buildActionMask = 2147483647;
			files = (
			);
			runOnlyForDeploymentPostprocessing = 0;
		};
		ED944835213686310097A5E4 /* Frameworks */ = {
			isa = PBXFrameworksBuildPhase;
			buildActionMask = 2147483647;
			files = (
			);
			runOnlyForDeploymentPostprocessing = 0;
		};
/* End PBXFrameworksBuildPhase section */

/* Begin PBXGroup section */
		ED944810213686300097A5E4 = {
			isa = PBXGroup;
			children = (
				ED94481B213686300097A5E4 /* NoticeToolDemo */,
				ED944830213686310097A5E4 /* NoticeToolDemoTests */,
				ED94483B213686310097A5E4 /* NoticeToolDemoUITests */,
				ED94481A213686300097A5E4 /* Products */,
			);
			sourceTree = "<group>";
		};
		ED94481A213686300097A5E4 /* Products */ = {
			isa = PBXGroup;
			children = (
				ED944819213686300097A5E4 /* NoticeToolDemo.app */,
				ED94482D213686310097A5E4 /* NoticeToolDemoTests.xctest */,
				ED944838213686310097A5E4 /* NoticeToolDemoUITests.xctest */,
			);
			name = Products;
			sourceTree = "<group>";
		};
		ED94481B213686300097A5E4 /* NoticeToolDemo */ = {
			isa = PBXGroup;
			children = (
				ED94481C213686300097A5E4 /* AppDelegate.swift */,
				ED94481E213686300097A5E4 /* ViewController.swift */,
				ED94485021377FE60097A5E4 /* SDK */,
				ED944823213686310097A5E4 /* Assets.xcassets */,
				ED944825213686310097A5E4 /* LaunchScreen.storyboard */,
				ED944828213686310097A5E4 /* Info.plist */,
			);
			path = NoticeToolDemo;
			sourceTree = "<group>";
		};
		ED944830213686310097A5E4 /* NoticeToolDemoTests */ = {
			isa = PBXGroup;
			children = (
				ED944831213686310097A5E4 /* NoticeToolDemoTests.swift */,
				ED944833213686310097A5E4 /* Info.plist */,
			);
			path = NoticeToolDemoTests;
			sourceTree = "<group>";
		};
		ED94483B213686310097A5E4 /* NoticeToolDemoUITests */ = {
			isa = PBXGroup;
			children = (
				ED94483C213686310097A5E4 /* NoticeToolDemoUITests.swift */,
				ED94483E213686310097A5E4 /* Info.plist */,
			);
			path = NoticeToolDemoUITests;
			sourceTree = "<group>";
		};
		ED94485021377FE60097A5E4 /* SDK */ = {
			isa = PBXGroup;
			children = (
				ED94485321377FE60097A5E4 /* SXH_SwiftNoticeTool.swift */,
				ED9448572137D1DC0097A5E4 /* Classes.swift */,
				ED94485221377FE60097A5E4 /* ExtesionUI.swift */,
			);
			path = SDK;
			sourceTree = "<group>";
		};
/* End PBXGroup section */

/* Begin PBXNativeTarget section */
		ED944818213686300097A5E4 /* NoticeToolDemo */ = {
			isa = PBXNativeTarget;
			buildConfigurationList = ED944841213686310097A5E4 /* Build configuration list for PBXNativeTarget "NoticeToolDemo" */;
			buildPhases = (
				ED944815213686300097A5E4 /* Sources */,
				ED944816213686300097A5E4 /* Frameworks */,
				ED944817213686300097A5E4 /* Resources */,
			);
			buildRules = (
			);
			dependencies = (
			);
			name = NoticeToolDemo;
			productName = NoticeToolDemo;
			productReference = ED944819213686300097A5E4 /* NoticeToolDemo.app */;
			productType = "com.apple.product-type.application";
		};
		ED94482C213686310097A5E4 /* NoticeToolDemoTests */ = {
			isa = PBXNativeTarget;
			buildConfigurationList = ED944844213686310097A5E4 /* Build configuration list for PBXNativeTarget "NoticeToolDemoTests" */;
			buildPhases = (
				ED944829213686310097A5E4 /* Sources */,
				ED94482A213686310097A5E4 /* Frameworks */,
				ED94482B213686310097A5E4 /* Resources */,
			);
			buildRules = (
			);
			dependencies = (
				ED94482F213686310097A5E4 /* PBXTargetDependency */,
			);
			name = NoticeToolDemoTests;
			productName = NoticeToolDemoTests;
			productReference = ED94482D213686310097A5E4 /* NoticeToolDemoTests.xctest */;
			productType = "com.apple.product-type.bundle.unit-test";
		};
		ED944837213686310097A5E4 /* NoticeToolDemoUITests */ = {
			isa = PBXNativeTarget;
			buildConfigurationList = ED944847213686310097A5E4 /* Build configuration list for PBXNativeTarget "NoticeToolDemoUITests" */;
			buildPhases = (
				ED944834213686310097A5E4 /* Sources */,
				ED944835213686310097A5E4 /* Frameworks */,
				ED944836213686310097A5E4 /* Resources */,
			);
			buildRules = (
			);
			dependencies = (
				ED94483A213686310097A5E4 /* PBXTargetDependency */,
			);
			name = NoticeToolDemoUITests;
			productName = NoticeToolDemoUITests;
			productReference = ED944838213686310097A5E4 /* NoticeToolDemoUITests.xctest */;
			productType = "com.apple.product-type.bundle.ui-testing";
		};
/* End PBXNativeTarget section */

/* Begin PBXProject section */
		ED944811213686300097A5E4 /* Project object */ = {
			isa = PBXProject;
			attributes = {
				LastSwiftUpdateCheck = 0930;
				LastUpgradeCheck = 0930;
				ORGANIZATIONNAME = "سچچچچچچ";
				TargetAttributes = {
					ED944818213686300097A5E4 = {
						CreatedOnToolsVersion = 9.3;
					};
					ED94482C213686310097A5E4 = {
						CreatedOnToolsVersion = 9.3;
						TestTargetID = ED944818213686300097A5E4;
					};
					ED944837213686310097A5E4 = {
						CreatedOnToolsVersion = 9.3;
						TestTargetID = ED944818213686300097A5E4;
					};
				};
			};
			buildConfigurationList = ED944814213686300097A5E4 /* Build configuration list for PBXProject "NoticeToolDemo" */;
			compatibilityVersion = "Xcode 9.3";
			developmentRegion = en;
			hasScannedForEncodings = 0;
			knownRegions = (
				en,
				Base,
			);
			mainGroup = ED944810213686300097A5E4;
			productRefGroup = ED94481A213686300097A5E4 /* Products */;
			projectDirPath = "";
			projectRoot = "";
			targets = (
				ED944818213686300097A5E4 /* NoticeToolDemo */,
				ED94482C213686310097A5E4 /* NoticeToolDemoTests */,
				ED944837213686310097A5E4 /* NoticeToolDemoUITests */,
			);
		};
/* End PBXProject section */

/* Begin PBXResourcesBuildPhase section */
		ED944817213686300097A5E4 /* Resources */ = {
			isa = PBXResourcesBuildPhase;
			buildActionMask = 2147483647;
			files = (
				ED944827213686310097A5E4 /* LaunchScreen.storyboard in Resources */,
				ED944824213686310097A5E4 /* Assets.xcassets in Resources */,
			);
			runOnlyForDeploymentPostprocessing = 0;
		};
		ED94482B213686310097A5E4 /* Resources */ = {
			isa = PBXResourcesBuildPhase;
			buildActionMask = 2147483647;
			files = (
			);
			runOnlyForDeploymentPostprocessing = 0;
		};
		ED944836213686310097A5E4 /* Resources */ = {
			isa = PBXResourcesBuildPhase;
			buildActionMask = 2147483647;
			files = (
			);
			runOnlyForDeploymentPostprocessing = 0;
		};
/* End PBXResourcesBuildPhase section */

/* Begin PBXSourcesBuildPhase section */
		ED944815213686300097A5E4 /* Sources */ = {
			isa = PBXSourcesBuildPhase;
			buildActionMask = 2147483647;
			files = (
				ED94485521377FE60097A5E4 /* ExtesionUI.swift in Sources */,
				ED94485621377FE60097A5E4 /* SXH_SwiftNoticeTool.swift in Sources */,
				ED94481F213686300097A5E4 /* ViewController.swift in Sources */,
				ED9448582137D1DC0097A5E4 /* Classes.swift in Sources */,
				ED94481D213686300097A5E4 /* AppDelegate.swift in Sources */,
			);
			runOnlyForDeploymentPostprocessing = 0;
		};
		ED944829213686310097A5E4 /* Sources */ = {
			isa = PBXSourcesBuildPhase;
			buildActionMask = 2147483647;
			files = (
				ED944832213686310097A5E4 /* NoticeToolDemoTests.swift in Sources */,
			);
			runOnlyForDeploymentPostprocessing = 0;
		};
		ED944834213686310097A5E4 /* Sources */ = {
			isa = PBXSourcesBuildPhase;
			buildActionMask = 2147483647;
			files = (
				ED94483D213686310097A5E4 /* NoticeToolDemoUITests.swift in Sources */,
			);
			runOnlyForDeploymentPostprocessing = 0;
		};
/* End PBXSourcesBuildPhase section */

/* Begin PBXTargetDependency section */
		ED94482F213686310097A5E4 /* PBXTargetDependency */ = {
			isa = PBXTargetDependency;
			target = ED944818213686300097A5E4 /* NoticeToolDemo */;
			targetProxy = ED94482E213686310097A5E4 /* PBXContainerItemProxy */;
		};
		ED94483A213686310097A5E4 /* PBXTargetDependency */ = {
			isa = PBXTargetDependency;
			target = ED944818213686300097A5E4 /* NoticeToolDemo */;
			targetProxy = ED944839213686310097A5E4 /* PBXContainerItemProxy */;
		};
/* End PBXTargetDependency section */

/* Begin PBXVariantGroup section */
		ED944825213686310097A5E4 /* LaunchScreen.storyboard */ = {
			isa = PBXVariantGroup;
			children = (
				ED944826213686310097A5E4 /* Base */,
			);
			name = LaunchScreen.storyboard;
			sourceTree = "<group>";
		};
/* End PBXVariantGroup section */

/* Begin XCBuildConfiguration section */
		ED94483F213686310097A5E4 /* Debug */ = {
			isa = XCBuildConfiguration;
			buildSettings = {
				ALWAYS_SEARCH_USER_PATHS = NO;
				CLANG_ANALYZER_NONNULL = YES;
				CLANG_ANALYZER_NUMBER_OBJECT_CONVERSION = YES_AGGRESSIVE;
				CLANG_CXX_LANGUAGE_STANDARD = "gnu++14";
				CLANG_CXX_LIBRARY = "libc++";
				CLANG_ENABLE_MODULES = YES;
				CLANG_ENABLE_OBJC_ARC = YES;
				CLANG_ENABLE_OBJC_WEAK = YES;
				CLANG_WARN_BLOCK_CAPTURE_AUTORELEASING = YES;
				CLANG_WARN_BOOL_CONVERSION = YES;
				CLANG_WARN_COMMA = YES;
				CLANG_WARN_CONSTANT_CONVERSION = YES;
				CLANG_WARN_DEPRECATED_OBJC_IMPLEMENTATIONS = YES;
				CLANG_WARN_DIRECT_OBJC_ISA_USAGE = YES_ERROR;
				CLANG_WARN_DOCUMENTATION_COMMENTS = YES;
				CLANG_WARN_EMPTY_BODY = YES;
				CLANG_WARN_ENUM_CONVERSION = YES;
				CLANG_WARN_INFINITE_RECURSION = YES;
				CLANG_WARN_INT_CONVERSION = YES;
				CLANG_WARN_NON_LITERAL_NULL_CONVERSION = YES;
				CLANG_WARN_OBJC_IMPLICIT_RETAIN_SELF = YES;
				CLANG_WARN_OBJC_LITERAL_CONVERSION = YES;
				CLANG_WARN_OBJC_ROOT_CLASS = YES_ERROR;
				CLANG_WARN_RANGE_LOOP_ANALYSIS = YES;
				CLANG_WARN_STRICT_PROTOTYPES = YES;
				CLANG_WARN_SUSPICIOUS_MOVE = YES;
				CLANG_WARN_UNGUARDED_AVAILABILITY = YES_AGGRESSIVE;
				CLANG_WARN_UNREACHABLE_CODE = YES;
				CLANG_WARN__DUPLICATE_METHOD_MATCH = YES;
				CODE_SIGN_IDENTITY = "iPhone Developer";
				COPY_PHASE_STRIP = NO;
				DEBUG_INFORMATION_FORMAT = dwarf;
				ENABLE_STRICT_OBJC_MSGSEND = YES;
				ENABLE_TESTABILITY = YES;
				GCC_C_LANGUAGE_STANDARD = gnu11;
				GCC_DYNAMIC_NO_PIC = NO;
				GCC_NO_COMMON_BLOCKS = YES;
				GCC_OPTIMIZATION_LEVEL = 0;
				GCC_PREPROCESSOR_DEFINITIONS = (
					"DEBUG=1",
					"$(inherited)",
				);
				GCC_WARN_64_TO_32_BIT_CONVERSION = YES;
				GCC_WARN_ABOUT_RETURN_TYPE = YES_ERROR;
				GCC_WARN_UNDECLARED_SELECTOR = YES;
				GCC_WARN_UNINITIALIZED_AUTOS = YES_AGGRESSIVE;
				GCC_WARN_UNUSED_FUNCTION = YES;
				GCC_WARN_UNUSED_VARIABLE = YES;
				IPHONEOS_DEPLOYMENT_TARGET = 11.3;
				MTL_ENABLE_DEBUG_INFO = YES;
				ONLY_ACTIVE_ARCH = YES;
				SDKROOT = iphoneos;
				SWIFT_ACTIVE_COMPILATION_CONDITIONS = DEBUG;
				SWIFT_OPTIMIZATION_LEVEL = "-Onone";
			};
			name = Debug;
		};
		ED944840213686310097A5E4 /* Release */ = {
			isa = XCBuildConfiguration;
			buildSettings = {
				ALWAYS_SEARCH_USER_PATHS = NO;
				CLANG_ANALYZER_NONNULL = YES;
				CLANG_ANALYZER_NUMBER_OBJECT_CONVERSION = YES_AGGRESSIVE;
				CLANG_CXX_LANGUAGE_STANDARD = "gnu++14";
				CLANG_CXX_LIBRARY = "libc++";
				CLANG_ENABLE_MODULES = YES;
				CLANG_ENABLE_OBJC_ARC = YES;
				CLANG_ENABLE_OBJC_WEAK = YES;
				CLANG_WARN_BLOCK_CAPTURE_AUTORELEASING = YES;
				CLANG_WARN_BOOL_CONVERSION = YES;
				CLANG_WARN_COMMA = YES;
				CLANG_WARN_CONSTANT_CONVERSION = YES;
				CLANG_WARN_DEPRECATED_OBJC_IMPLEMENTATIONS = YES;
				CLANG_WARN_DIRECT_OBJC_ISA_USAGE = YES_ERROR;
				CLANG_WARN_DOCUMENTATION_COMMENTS = YES;
				CLANG_WARN_EMPTY_BODY = YES;
				CLANG_WARN_ENUM_CONVERSION = YES;
				CLANG_WARN_INFINITE_RECURSION = YES;
				CLANG_WARN_INT_CONVERSION = YES;
				CLANG_WARN_NON_LITERAL_NULL_CONVERSION = YES;
				CLANG_WARN_OBJC_IMPLICIT_RETAIN_SELF = YES;
				CLANG_WARN_OBJC_LITERAL_CONVERSION = YES;
				CLANG_WARN_OBJC_ROOT_CLASS = YES_ERROR;
				CLANG_WARN_RANGE_LOOP_ANALYSIS = YES;
				CLANG_WARN_STRICT_PROTOTYPES = YES;
				CLANG_WARN_SUSPICIOUS_MOVE = YES;
				CLANG_WARN_UNGUARDED_AVAILABILITY = YES_AGGRESSIVE;
				CLANG_WARN_UNREACHABLE_CODE = YES;
				CLANG_WARN__DUPLICATE_METHOD_MATCH = YES;
				CODE_SIGN_IDENTITY = "iPhone Developer";
				COPY_PHASE_STRIP = NO;
				DEBUG_INFORMATION_FORMAT = "dwarf-with-dsym";
				ENABLE_NS_ASSERTIONS = NO;
				ENABLE_STRICT_OBJC_MSGSEND = YES;
				GCC_C_LANGUAGE_STANDARD = gnu11;
				GCC_NO_COMMON_BLOCKS = YES;
				GCC_WARN_64_TO_32_BIT_CONVERSION = YES;
				GCC_WARN_ABOUT_RETURN_TYPE = YES_ERROR;
				GCC_WARN_UNDECLARED_SELECTOR = YES;
				GCC_WARN_UNINITIALIZED_AUTOS = YES_AGGRESSIVE;
				GCC_WARN_UNUSED_FUNCTION = YES;
				GCC_WARN_UNUSED_VARIABLE = YES;
				IPHONEOS_DEPLOYMENT_TARGET = 11.3;
				MTL_ENABLE_DEBUG_INFO = NO;
				SDKROOT = iphoneos;
				SWIFT_COMPILATION_MODE = wholemodule;
				SWIFT_OPTIMIZATION_LEVEL = "-O";
				VALIDATE_PRODUCT = YES;
			};
			name = Release;
		};
		ED944842213686310097A5E4 /* Debug */ = {
			isa = XCBuildConfiguration;
			buildSettings = {
				ASSETCATALOG_COMPILER_APPICON_NAME = AppIcon;
				CODE_SIGN_STYLE = Automatic;
				DEVELOPMENT_TEAM = Y7Y9FJK5WB;
				INFOPLIST_FILE = NoticeToolDemo/Info.plist;
				LD_RUNPATH_SEARCH_PATHS = (
					"$(inherited)",
					"@executable_path/Frameworks",
				);
				PRODUCT_BUNDLE_IDENTIFIER = "come.WeiPos-KaiDianBao.cn.NoticeToolDemo";
				PRODUCT_NAME = "$(TARGET_NAME)";
				SWIFT_VERSION = 4.0;
				TARGETED_DEVICE_FAMILY = "1,2";
			};
			name = Debug;
		};
		ED944843213686310097A5E4 /* Release */ = {
			isa = XCBuildConfiguration;
			buildSettings = {
				ASSETCATALOG_COMPILER_APPICON_NAME = AppIcon;
				CODE_SIGN_STYLE = Automatic;
				DEVELOPMENT_TEAM = Y7Y9FJK5WB;
				INFOPLIST_FILE = NoticeToolDemo/Info.plist;
				LD_RUNPATH_SEARCH_PATHS = (
					"$(inherited)",
					"@executable_path/Frameworks",
				);
				PRODUCT_BUNDLE_IDENTIFIER = "come.WeiPos-KaiDianBao.cn.NoticeToolDemo";
				PRODUCT_NAME = "$(TARGET_NAME)";
				SWIFT_VERSION = 4.0;
				TARGETED_DEVICE_FAMILY = "1,2";
			};
			name = Release;
		};
		ED944845213686310097A5E4 /* Debug */ = {
			isa = XCBuildConfiguration;
			buildSettings = {
				ALWAYS_EMBED_SWIFT_STANDARD_LIBRARIES = YES;
				BUNDLE_LOADER = "$(TEST_HOST)";
				CODE_SIGN_STYLE = Automatic;
				INFOPLIST_FILE = NoticeToolDemoTests/Info.plist;
				LD_RUNPATH_SEARCH_PATHS = (
					"$(inherited)",
					"@executable_path/Frameworks",
					"@loader_path/Frameworks",
				);
				PRODUCT_BUNDLE_IDENTIFIER = "come.WeiPos-KaiDianBao.cn.NoticeToolDemoTests";
				PRODUCT_NAME = "$(TARGET_NAME)";
				SWIFT_VERSION = 4.0;
				TARGETED_DEVICE_FAMILY = "1,2";
				TEST_HOST = "$(BUILT_PRODUCTS_DIR)/NoticeToolDemo.app/NoticeToolDemo";
			};
			name = Debug;
		};
		ED944846213686310097A5E4 /* Release */ = {
			isa = XCBuildConfiguration;
			buildSettings = {
				ALWAYS_EMBED_SWIFT_STANDARD_LIBRARIES = YES;
				BUNDLE_LOADER = "$(TEST_HOST)";
				CODE_SIGN_STYLE = Automatic;
				INFOPLIST_FILE = NoticeToolDemoTests/Info.plist;
				LD_RUNPATH_SEARCH_PATHS = (
					"$(inherited)",
					"@executable_path/Frameworks",
					"@loader_path/Frameworks",
				);
				PRODUCT_BUNDLE_IDENTIFIER = "come.WeiPos-KaiDianBao.cn.NoticeToolDemoTests";
				PRODUCT_NAME = "$(TARGET_NAME)";
				SWIFT_VERSION = 4.0;
				TARGETED_DEVICE_FAMILY = "1,2";
				TEST_HOST = "$(BUILT_PRODUCTS_DIR)/NoticeToolDemo.app/NoticeToolDemo";
			};
			name = Release;
		};
		ED944848213686310097A5E4 /* Debug */ = {
			isa = XCBuildConfiguration;
			buildSettings = {
				ALWAYS_EMBED_SWIFT_STANDARD_LIBRARIES = YES;
				CODE_SIGN_STYLE = Automatic;
				INFOPLIST_FILE = NoticeToolDemoUITests/Info.plist;
				LD_RUNPATH_SEARCH_PATHS = (
					"$(inherited)",
					"@executable_path/Frameworks",
					"@loader_path/Frameworks",
				);
				PRODUCT_BUNDLE_IDENTIFIER = "come.WeiPos-KaiDianBao.cn.NoticeToolDemoUITests";
				PRODUCT_NAME = "$(TARGET_NAME)";
				SWIFT_VERSION = 4.0;
				TARGETED_DEVICE_FAMILY = "1,2";
				TEST_TARGET_NAME = NoticeToolDemo;
			};
			name = Debug;
		};
		ED944849213686310097A5E4 /* Release */ = {
			isa = XCBuildConfiguration;
			buildSettings = {
				ALWAYS_EMBED_SWIFT_STANDARD_LIBRARIES = YES;
				CODE_SIGN_STYLE = Automatic;
				INFOPLIST_FILE = NoticeToolDemoUITests/Info.plist;
				LD_RUNPATH_SEARCH_PATHS = (
					"$(inherited)",
					"@executable_path/Frameworks",
					"@loader_path/Frameworks",
				);
				PRODUCT_BUNDLE_IDENTIFIER = "come.WeiPos-KaiDianBao.cn.NoticeToolDemoUITests";
				PRODUCT_NAME = "$(TARGET_NAME)";
				SWIFT_VERSION = 4.0;
				TARGETED_DEVICE_FAMILY = "1,2";
				TEST_TARGET_NAME = NoticeToolDemo;
			};
			name = Release;
		};
/* End XCBuildConfiguration section */

/* Begin XCConfigurationList section */
		ED944814213686300097A5E4 /* Build configuration list for PBXProject "NoticeToolDemo" */ = {
			isa = XCConfigurationList;
			buildConfigurations = (
				ED94483F213686310097A5E4 /* Debug */,
				ED944840213686310097A5E4 /* Release */,
			);
			defaultConfigurationIsVisible = 0;
			defaultConfigurationName = Release;
		};
		ED944841213686310097A5E4 /* Build configuration list for PBXNativeTarget "NoticeToolDemo" */ = {
			isa = XCConfigurationList;
			buildConfigurations = (
				ED944842213686310097A5E4 /* Debug */,
				ED944843213686310097A5E4 /* Release */,
			);
			defaultConfigurationIsVisible = 0;
			defaultConfigurationName = Release;
		};
		ED944844213686310097A5E4 /* Build configuration list for PBXNativeTarget "NoticeToolDemoTests" */ = {
			isa = XCConfigurationList;
			buildConfigurations = (
				ED944845213686310097A5E4 /* Debug */,
				ED944846213686310097A5E4 /* Release */,
			);
			defaultConfigurationIsVisible = 0;
			defaultConfigurationName = Release;
		};
		ED944847213686310097A5E4 /* Build configuration list for PBXNativeTarget "NoticeToolDemoUITests" */ = {
			isa = XCConfigurationList;
			buildConfigurations = (
				ED944848213686310097A5E4 /* Debug */,
				ED944849213686310097A5E4 /* Release */,
			);
			defaultConfigurationIsVisible = 0;
			defaultConfigurationName = Release;
		};
/* End XCConfigurationList section */
	};
	rootObject = ED944811213686300097A5E4 /* Project object */;
}
